
Microsoft Visual Studio Solution File, Format Version 12.00
# Visual Studio 2013
VisualStudioVersion = 12.0.31101.0
MinimumVisualStudioVersion = 10.0.40219.1
Project("{FAE04EC0-301F-11D3-BF4B-00C04F79EFBC}") = "ConsoleAssignment", "ConsoleAssignment\ConsoleAssignment.csproj", "{B1CC15C7-D8EC-4D16-A93C-4C1C6CD68382}"
EndProject
Global
	GlobalSection(SolutionConfigurationPlatforms) = preSolution
		Debug|Any CPU = Debug|Any CPU
		Release|Any CPU = Release|Any CPU
	EndGlobalSection
	GlobalSection(ProjectConfigurationPlatforms) = postSolution
		{B1CC15C7-D8EC-4D16-A93C-4C1C6CD68382}.Debug|Any CPU.ActiveCfg = Debug|Any CPU
		{B1CC15C7-D8EC-4D16-A93C-4C1C6CD68382}.Debug|Any CPU.Build.0 = Debug|Any CPU
		{B1CC15C7-D8EC-4D16-A93C-4C1C6CD68382}.Release|Any CPU.ActiveCfg = Release|Any CPU
		{B1CC15C7-D8EC-4D16-A93C-4C1C6CD68382}.Release|Any CPU.Build.0 = Release|Any CPU
	EndGlobalSection
	GlobalSection(SolutionProperties) = preSolution
		HideSolutionNode = FALSE
	EndGlobalSection
EndGlobal
